
Microsoft Visual Studio Solution File, Format Version 12.00
# Visual Studio Version 17
VisualStudioVersion = 17.3.32929.385
MinimumVisualStudioVersion = 10.0.40219.1
Project("{FAE04EC0-301F-11D3-BF4B-00C04F79EFBC}") = "Requisition.API.Consumer", "Requisition.API.Consumer\Requisition.API.Consumer.csproj", "{A566DE7F-67ED-46C6-8ED1-14FC6DCBBFC5}"
EndProject
Global
	GlobalSection(SolutionConfigurationPlatforms) = preSolution
		Debug|Any CPU = Debug|Any CPU
		Release|Any CPU = Release|Any CPU
	EndGlobalSection
	GlobalSection(ProjectConfigurationPlatforms) = postSolution
		{A566DE7F-67ED-46C6-8ED1-14FC6DCBBFC5}.Debug|Any CPU.ActiveCfg = Debug|Any CPU
		{A566DE7F-67ED-46C6-8ED1-14FC6DCBBFC5}.Debug|Any CPU.Build.0 = Debug|Any CPU
		{A566DE7F-67ED-46C6-8ED1-14FC6DCBBFC5}.Release|Any CPU.ActiveCfg = Release|Any CPU
		{A566DE7F-67ED-46C6-8ED1-14FC6DCBBFC5}.Release|Any CPU.Build.0 = Release|Any CPU
	EndGlobalSection
	GlobalSection(SolutionProperties) = preSolution
		HideSolutionNode = FALSE
	EndGlobalSection
	GlobalSection(ExtensibilityGlobals) = postSolution
		SolutionGuid = {CB89454A-EA99-4782-AA97-3EE8F88731EF}
	EndGlobalSection
EndGlobal
